
Microsoft Visual Studio Solution File, Format Version 12.00
# Visual Studio Version 17
VisualStudioVersion = 17.9.34607.119
MinimumVisualStudioVersion = 10.0.40219.1
Project("{9A19103F-16F7-4668-BE54-9A1E7A4F7556}") = "SingleScope.Core", "SingleScope.Core\SingleScope.Core.csproj", "{5B4A21A5-9924-4E83-A5A6-2ED294F73D5C}"
EndProject
Project("{9A19103F-16F7-4668-BE54-9A1E7A4F7556}") = "Example", "Example\Example.csproj", "{77BD7045-27AD-42CE-812D-F00FB3F1A5D3}"
EndProject
Project("{9A19103F-16F7-4668-BE54-9A1E7A4F7556}") = "SingleScope.Maui", "SingleScope.Maui\SingleScope.Maui.csproj", "{FC4099F6-1DE6-47F9-B6A3-5376856593D3}"
EndProject
Project("{9A19103F-16F7-4668-BE54-9A1E7A4F7556}") = "SingleScope.Repository", "SingleScope.Repository\SingleScope.Repository.csproj", "{BF1BA70D-825F-4F00-A4CD-F41A0212A4D4}"
EndProject
Project("{9A19103F-16F7-4668-BE54-9A1E7A4F7556}") = "SingleScope.Collection", "SingleScope.Collection\SingleScope.Collection.csproj", "{7018F1B7-ECA9-4498-AB07-38F7B24AF633}"
EndProject
Project("{FAE04EC0-301F-11D3-BF4B-00C04F79EFBC}") = "SingleScope.Maui.SourceGenerator", "SingleScope.Maui.SourceGenerator\SingleScope.Maui.SourceGenerator.csproj", "{496C6922-F05C-4BC9-A4FF-F335F19DF2AE}"
EndProject
Global
	GlobalSection(SolutionConfigurationPlatforms) = preSolution
		Debug|Any CPU = Debug|Any CPU
		Release|Any CPU = Release|Any CPU
	EndGlobalSection
	GlobalSection(ProjectConfigurationPlatforms) = postSolution
		{5B4A21A5-9924-4E83-A5A6-2ED294F73D5C}.Debug|Any CPU.ActiveCfg = Debug|Any CPU
		{5B4A21A5-9924-4E83-A5A6-2ED294F73D5C}.Debug|Any CPU.Build.0 = Debug|Any CPU
		{5B4A21A5-9924-4E83-A5A6-2ED294F73D5C}.Release|Any CPU.ActiveCfg = Release|Any CPU
		{5B4A21A5-9924-4E83-A5A6-2ED294F73D5C}.Release|Any CPU.Build.0 = Release|Any CPU
		{77BD7045-27AD-42CE-812D-F00FB3F1A5D3}.Debug|Any CPU.ActiveCfg = Debug|Any CPU
		{77BD7045-27AD-42CE-812D-F00FB3F1A5D3}.Debug|Any CPU.Build.0 = Debug|Any CPU
		{77BD7045-27AD-42CE-812D-F00FB3F1A5D3}.Debug|Any CPU.Deploy.0 = Debug|Any CPU
		{77BD7045-27AD-42CE-812D-F00FB3F1A5D3}.Release|Any CPU.ActiveCfg = Release|Any CPU
		{77BD7045-27AD-42CE-812D-F00FB3F1A5D3}.Release|Any CPU.Build.0 = Release|Any CPU
		{77BD7045-27AD-42CE-812D-F00FB3F1A5D3}.Release|Any CPU.Deploy.0 = Release|Any CPU
		{FC4099F6-1DE6-47F9-B6A3-5376856593D3}.Debug|Any CPU.ActiveCfg = Debug|Any CPU
		{FC4099F6-1DE6-47F9-B6A3-5376856593D3}.Debug|Any CPU.Build.0 = Debug|Any CPU
		{FC4099F6-1DE6-47F9-B6A3-5376856593D3}.Release|Any CPU.ActiveCfg = Release|Any CPU
		{FC4099F6-1DE6-47F9-B6A3-5376856593D3}.Release|Any CPU.Build.0 = Release|Any CPU
		{BF1BA70D-825F-4F00-A4CD-F41A0212A4D4}.Debug|Any CPU.ActiveCfg = Debug|Any CPU
		{BF1BA70D-825F-4F00-A4CD-F41A0212A4D4}.Debug|Any CPU.Build.0 = Debug|Any CPU
		{BF1BA70D-825F-4F00-A4CD-F41A0212A4D4}.Release|Any CPU.ActiveCfg = Release|Any CPU
		{BF1BA70D-825F-4F00-A4CD-F41A0212A4D4}.Release|Any CPU.Build.0 = Release|Any CPU
		{7018F1B7-ECA9-4498-AB07-38F7B24AF633}.Debug|Any CPU.ActiveCfg = Debug|Any CPU
		{7018F1B7-ECA9-4498-AB07-38F7B24AF633}.Debug|Any CPU.Build.0 = Debug|Any CPU
		{7018F1B7-ECA9-4498-AB07-38F7B24AF633}.Release|Any CPU.ActiveCfg = Release|Any CPU
		{7018F1B7-ECA9-4498-AB07-38F7B24AF633}.Release|Any CPU.Build.0 = Release|Any CPU
		{496C6922-F05C-4BC9-A4FF-F335F19DF2AE}.Debug|Any CPU.ActiveCfg = Debug|Any CPU
		{496C6922-F05C-4BC9-A4FF-F335F19DF2AE}.Debug|Any CPU.Build.0 = Debug|Any CPU
		{496C6922-F05C-4BC9-A4FF-F335F19DF2AE}.Release|Any CPU.ActiveCfg = Release|Any CPU
		{496C6922-F05C-4BC9-A4FF-F335F19DF2AE}.Release|Any CPU.Build.0 = Release|Any CPU
	EndGlobalSection
	GlobalSection(SolutionProperties) = preSolution
		HideSolutionNode = FALSE
	EndGlobalSection
	GlobalSection(ExtensibilityGlobals) = postSolution
		SolutionGuid = {96E61099-63E6-4470-AA6C-B630A15F4598}
	EndGlobalSection
EndGlobal
